
Microsoft Visual Studio Solution File, Format Version 12.00
# Visual Studio Version 17
VisualStudioVersion = 17.0.31903.59
MinimumVisualStudioVersion = 10.0.40219.1
Project("{2150E333-8FDC-42A3-9474-1A3956D46DE8}") = "src", "src", "{1A3F2DD5-9A1A-4A58-991C-335D775B5455}"
EndProject
Project("{2150E333-8FDC-42A3-9474-1A3956D46DE8}") = "tests", "tests", "{5CB717E8-0631-4651-93A2-2B2B255E9CBC}"
EndProject
Project("{54A90642-561A-4BB1-A94E-469ADEE60C69}") = "crimewatch.web.client", "src\CrimeWatch.Web.Client\crimewatch.web.client.esproj", "{865075C2-1E3D-4B9B-BE44-25E33329A9D8}"
EndProject
Project("{FAE04EC0-301F-11D3-BF4B-00C04F79EFBC}") = "Domain", "src\Domain\Domain.csproj", "{3DBD815C-E939-42CA-A3EC-160F456012D8}"
EndProject
Global
	GlobalSection(SolutionConfigurationPlatforms) = preSolution
		Debug|Any CPU = Debug|Any CPU
		Release|Any CPU = Release|Any CPU
	EndGlobalSection
	GlobalSection(ProjectConfigurationPlatforms) = postSolution
		{865075C2-1E3D-4B9B-BE44-25E33329A9D8}.Debug|Any CPU.ActiveCfg = Debug|Any CPU
		{865075C2-1E3D-4B9B-BE44-25E33329A9D8}.Debug|Any CPU.Build.0 = Debug|Any CPU
		{865075C2-1E3D-4B9B-BE44-25E33329A9D8}.Debug|Any CPU.Deploy.0 = Debug|Any CPU
		{865075C2-1E3D-4B9B-BE44-25E33329A9D8}.Release|Any CPU.ActiveCfg = Release|Any CPU
		{865075C2-1E3D-4B9B-BE44-25E33329A9D8}.Release|Any CPU.Build.0 = Release|Any CPU
		{865075C2-1E3D-4B9B-BE44-25E33329A9D8}.Release|Any CPU.Deploy.0 = Release|Any CPU
		{3DBD815C-E939-42CA-A3EC-160F456012D8}.Debug|Any CPU.ActiveCfg = Debug|Any CPU
		{3DBD815C-E939-42CA-A3EC-160F456012D8}.Debug|Any CPU.Build.0 = Debug|Any CPU
		{3DBD815C-E939-42CA-A3EC-160F456012D8}.Release|Any CPU.ActiveCfg = Release|Any CPU
		{3DBD815C-E939-42CA-A3EC-160F456012D8}.Release|Any CPU.Build.0 = Release|Any CPU
	EndGlobalSection
	GlobalSection(SolutionProperties) = preSolution
		HideSolutionNode = FALSE
	EndGlobalSection
	GlobalSection(NestedProjects) = preSolution
		{865075C2-1E3D-4B9B-BE44-25E33329A9D8} = {1A3F2DD5-9A1A-4A58-991C-335D775B5455}
		{3DBD815C-E939-42CA-A3EC-160F456012D8} = {1A3F2DD5-9A1A-4A58-991C-335D775B5455}
	EndGlobalSection
	GlobalSection(ExtensibilityGlobals) = postSolution
		SolutionGuid = {8AE1AED4-0782-4AE3-9D95-86964C293034}
	EndGlobalSection
EndGlobal
