
Microsoft Visual Studio Solution File, Format Version 12.00
# Visual Studio Version 17
VisualStudioVersion = 17.0.31903.59
MinimumVisualStudioVersion = 10.0.40219.1
Project("{9A19103F-16F7-4668-BE54-9A1E7A4F7556}") = "CrimeWatch.Domain", "src\CrimeWatch.Domain\CrimeWatch.Domain.csproj", "{B016D892-B4B1-494C-B5E0-6D2EEC87B98D}"
EndProject
Project("{2150E333-8FDC-42A3-9474-1A3956D46DE8}") = "src", "src", "{1A3F2DD5-9A1A-4A58-991C-335D775B5455}"
EndProject
Project("{2150E333-8FDC-42A3-9474-1A3956D46DE8}") = "tests", "tests", "{5CB717E8-0631-4651-93A2-2B2B255E9CBC}"
EndProject
Project("{FAE04EC0-301F-11D3-BF4B-00C04F79EFBC}") = "CrimeWatch.Domain.Test", "tests\CrimeWatch.Domain.Test\CrimeWatch.Domain.Test.csproj", "{EA8C0B82-881F-4765-9601-532FF87A52DF}"
EndProject
Global
	GlobalSection(SolutionConfigurationPlatforms) = preSolution
		Debug|Any CPU = Debug|Any CPU
		Release|Any CPU = Release|Any CPU
	EndGlobalSection
	GlobalSection(ProjectConfigurationPlatforms) = postSolution
		{B016D892-B4B1-494C-B5E0-6D2EEC87B98D}.Debug|Any CPU.ActiveCfg = Debug|Any CPU
		{B016D892-B4B1-494C-B5E0-6D2EEC87B98D}.Debug|Any CPU.Build.0 = Debug|Any CPU
		{B016D892-B4B1-494C-B5E0-6D2EEC87B98D}.Release|Any CPU.ActiveCfg = Release|Any CPU
		{B016D892-B4B1-494C-B5E0-6D2EEC87B98D}.Release|Any CPU.Build.0 = Release|Any CPU
		{EA8C0B82-881F-4765-9601-532FF87A52DF}.Debug|Any CPU.ActiveCfg = Debug|Any CPU
		{EA8C0B82-881F-4765-9601-532FF87A52DF}.Debug|Any CPU.Build.0 = Debug|Any CPU
		{EA8C0B82-881F-4765-9601-532FF87A52DF}.Release|Any CPU.ActiveCfg = Release|Any CPU
		{EA8C0B82-881F-4765-9601-532FF87A52DF}.Release|Any CPU.Build.0 = Release|Any CPU
	EndGlobalSection
	GlobalSection(SolutionProperties) = preSolution
		HideSolutionNode = FALSE
	EndGlobalSection
	GlobalSection(NestedProjects) = preSolution
		{B016D892-B4B1-494C-B5E0-6D2EEC87B98D} = {1A3F2DD5-9A1A-4A58-991C-335D775B5455}
		{EA8C0B82-881F-4765-9601-532FF87A52DF} = {5CB717E8-0631-4651-93A2-2B2B255E9CBC}
	EndGlobalSection
	GlobalSection(ExtensibilityGlobals) = postSolution
		SolutionGuid = {8AE1AED4-0782-4AE3-9D95-86964C293034}
	EndGlobalSection
EndGlobal
