
Microsoft Visual Studio Solution File, Format Version 12.00
# Visual Studio Version 17
VisualStudioVersion = 17.0.31903.59
MinimumVisualStudioVersion = 10.0.40219.1
Project("{2150E333-8FDC-42A3-9474-1A3956D46DE8}") = "src", "src", "{1A3F2DD5-9A1A-4A58-991C-335D775B5455}"
EndProject
Project("{2150E333-8FDC-42A3-9474-1A3956D46DE8}") = "tests", "tests", "{5CB717E8-0631-4651-93A2-2B2B255E9CBC}"
EndProject
Project("{54A90642-561A-4BB1-A94E-469ADEE60C69}") = "crimewatch.web.client", "src\CrimeWatch.Web.Client\crimewatch.web.client.esproj", "{865075C2-1E3D-4B9B-BE44-25E33329A9D8}"
EndProject
Project("{FAE04EC0-301F-11D3-BF4B-00C04F79EFBC}") = "Domain", "src\Domain\Domain.csproj", "{3DBD815C-E939-42CA-A3EC-160F456012D8}"
EndProject
Project("{FAE04EC0-301F-11D3-BF4B-00C04F79EFBC}") = "Domain.Test", "tests\Domain.Test\Domain.Test.csproj", "{741BAB5D-EB36-4ABA-BC7C-7397C50D3D96}"
EndProject
Project("{FAE04EC0-301F-11D3-BF4B-00C04F79EFBC}") = "Infrastructure", "src\Infrastructure\Infrastructure.csproj", "{C55B766A-6053-401C-8199-78BC52DB1F6D}"
EndProject
Project("{FAE04EC0-301F-11D3-BF4B-00C04F79EFBC}") = "ApplicationSettings", "src\ApplicationSettings\ApplicationSettings.csproj", "{E5A98214-09A3-4A33-94AA-CABA08089BD0}"
EndProject
Project("{FAE04EC0-301F-11D3-BF4B-00C04F79EFBC}") = "Infrastructure.Test", "tests\Infrastructure.Test\Infrastructure.Test.csproj", "{00C7C464-D2A8-496B-8FC6-558435CCFEA0}"
EndProject
Project("{FAE04EC0-301F-11D3-BF4B-00C04F79EFBC}") = "TestDataProvider", "tests\TestDataProvider\TestDataProvider.csproj", "{C16B1BA8-3AF4-487E-AD3E-DACD8E889450}"
EndProject
Project("{FAE04EC0-301F-11D3-BF4B-00C04F79EFBC}") = "Persistence", "src\Persistence\Persistence.csproj", "{DC1BDA39-2F60-4B25-BAEE-622F1A1A075A}"
EndProject
Project("{FAE04EC0-301F-11D3-BF4B-00C04F79EFBC}") = "Persistence.Test", "tests\Persistence.Test\Persistence.Test.csproj", "{42B30AB7-390D-4B2A-A8C6-5B42516A426D}"
EndProject
Project("{FAE04EC0-301F-11D3-BF4B-00C04F79EFBC}") = "Application", "src\Application\Application.csproj", "{F7F568EE-871D-4B16-8C89-D54AF5307091}"
EndProject
Project("{FAE04EC0-301F-11D3-BF4B-00C04F79EFBC}") = "Application.Test", "tests\Application.Test\Application.Test.csproj", "{0ADA5F94-8791-4201-BD1C-E2C504D2CFAD}"
EndProject
Project("{FAE04EC0-301F-11D3-BF4B-00C04F79EFBC}") = "Shared", "src\Shared\Shared.csproj", "{C8FCEC43-20B4-4D69-9B19-F43624BDA0E4}"
EndProject
Global
	GlobalSection(SolutionConfigurationPlatforms) = preSolution
		Debug|Any CPU = Debug|Any CPU
		Release|Any CPU = Release|Any CPU
	EndGlobalSection
	GlobalSection(ProjectConfigurationPlatforms) = postSolution
		{865075C2-1E3D-4B9B-BE44-25E33329A9D8}.Debug|Any CPU.ActiveCfg = Debug|Any CPU
		{865075C2-1E3D-4B9B-BE44-25E33329A9D8}.Debug|Any CPU.Build.0 = Debug|Any CPU
		{865075C2-1E3D-4B9B-BE44-25E33329A9D8}.Debug|Any CPU.Deploy.0 = Debug|Any CPU
		{865075C2-1E3D-4B9B-BE44-25E33329A9D8}.Release|Any CPU.ActiveCfg = Release|Any CPU
		{865075C2-1E3D-4B9B-BE44-25E33329A9D8}.Release|Any CPU.Build.0 = Release|Any CPU
		{865075C2-1E3D-4B9B-BE44-25E33329A9D8}.Release|Any CPU.Deploy.0 = Release|Any CPU
		{3DBD815C-E939-42CA-A3EC-160F456012D8}.Debug|Any CPU.ActiveCfg = Debug|Any CPU
		{3DBD815C-E939-42CA-A3EC-160F456012D8}.Debug|Any CPU.Build.0 = Debug|Any CPU
		{3DBD815C-E939-42CA-A3EC-160F456012D8}.Release|Any CPU.ActiveCfg = Release|Any CPU
		{3DBD815C-E939-42CA-A3EC-160F456012D8}.Release|Any CPU.Build.0 = Release|Any CPU
		{741BAB5D-EB36-4ABA-BC7C-7397C50D3D96}.Debug|Any CPU.ActiveCfg = Debug|Any CPU
		{741BAB5D-EB36-4ABA-BC7C-7397C50D3D96}.Debug|Any CPU.Build.0 = Debug|Any CPU
		{741BAB5D-EB36-4ABA-BC7C-7397C50D3D96}.Release|Any CPU.ActiveCfg = Release|Any CPU
		{741BAB5D-EB36-4ABA-BC7C-7397C50D3D96}.Release|Any CPU.Build.0 = Release|Any CPU
		{C55B766A-6053-401C-8199-78BC52DB1F6D}.Debug|Any CPU.ActiveCfg = Debug|Any CPU
		{C55B766A-6053-401C-8199-78BC52DB1F6D}.Debug|Any CPU.Build.0 = Debug|Any CPU
		{C55B766A-6053-401C-8199-78BC52DB1F6D}.Release|Any CPU.ActiveCfg = Release|Any CPU
		{C55B766A-6053-401C-8199-78BC52DB1F6D}.Release|Any CPU.Build.0 = Release|Any CPU
		{E5A98214-09A3-4A33-94AA-CABA08089BD0}.Debug|Any CPU.ActiveCfg = Debug|Any CPU
		{E5A98214-09A3-4A33-94AA-CABA08089BD0}.Debug|Any CPU.Build.0 = Debug|Any CPU
		{E5A98214-09A3-4A33-94AA-CABA08089BD0}.Release|Any CPU.ActiveCfg = Release|Any CPU
		{E5A98214-09A3-4A33-94AA-CABA08089BD0}.Release|Any CPU.Build.0 = Release|Any CPU
		{00C7C464-D2A8-496B-8FC6-558435CCFEA0}.Debug|Any CPU.ActiveCfg = Debug|Any CPU
		{00C7C464-D2A8-496B-8FC6-558435CCFEA0}.Debug|Any CPU.Build.0 = Debug|Any CPU
		{00C7C464-D2A8-496B-8FC6-558435CCFEA0}.Release|Any CPU.ActiveCfg = Release|Any CPU
		{00C7C464-D2A8-496B-8FC6-558435CCFEA0}.Release|Any CPU.Build.0 = Release|Any CPU
		{C16B1BA8-3AF4-487E-AD3E-DACD8E889450}.Debug|Any CPU.ActiveCfg = Debug|Any CPU
		{C16B1BA8-3AF4-487E-AD3E-DACD8E889450}.Debug|Any CPU.Build.0 = Debug|Any CPU
		{C16B1BA8-3AF4-487E-AD3E-DACD8E889450}.Release|Any CPU.ActiveCfg = Release|Any CPU
		{C16B1BA8-3AF4-487E-AD3E-DACD8E889450}.Release|Any CPU.Build.0 = Release|Any CPU
		{DC1BDA39-2F60-4B25-BAEE-622F1A1A075A}.Debug|Any CPU.ActiveCfg = Debug|Any CPU
		{DC1BDA39-2F60-4B25-BAEE-622F1A1A075A}.Debug|Any CPU.Build.0 = Debug|Any CPU
		{DC1BDA39-2F60-4B25-BAEE-622F1A1A075A}.Release|Any CPU.ActiveCfg = Release|Any CPU
		{DC1BDA39-2F60-4B25-BAEE-622F1A1A075A}.Release|Any CPU.Build.0 = Release|Any CPU
		{42B30AB7-390D-4B2A-A8C6-5B42516A426D}.Debug|Any CPU.ActiveCfg = Debug|Any CPU
		{42B30AB7-390D-4B2A-A8C6-5B42516A426D}.Debug|Any CPU.Build.0 = Debug|Any CPU
		{42B30AB7-390D-4B2A-A8C6-5B42516A426D}.Release|Any CPU.ActiveCfg = Release|Any CPU
		{42B30AB7-390D-4B2A-A8C6-5B42516A426D}.Release|Any CPU.Build.0 = Release|Any CPU
		{F7F568EE-871D-4B16-8C89-D54AF5307091}.Debug|Any CPU.ActiveCfg = Debug|Any CPU
		{F7F568EE-871D-4B16-8C89-D54AF5307091}.Debug|Any CPU.Build.0 = Debug|Any CPU
		{F7F568EE-871D-4B16-8C89-D54AF5307091}.Release|Any CPU.ActiveCfg = Release|Any CPU
		{F7F568EE-871D-4B16-8C89-D54AF5307091}.Release|Any CPU.Build.0 = Release|Any CPU
		{0ADA5F94-8791-4201-BD1C-E2C504D2CFAD}.Debug|Any CPU.ActiveCfg = Debug|Any CPU
		{0ADA5F94-8791-4201-BD1C-E2C504D2CFAD}.Debug|Any CPU.Build.0 = Debug|Any CPU
		{0ADA5F94-8791-4201-BD1C-E2C504D2CFAD}.Release|Any CPU.ActiveCfg = Release|Any CPU
		{0ADA5F94-8791-4201-BD1C-E2C504D2CFAD}.Release|Any CPU.Build.0 = Release|Any CPU
		{C8FCEC43-20B4-4D69-9B19-F43624BDA0E4}.Debug|Any CPU.ActiveCfg = Debug|Any CPU
		{C8FCEC43-20B4-4D69-9B19-F43624BDA0E4}.Debug|Any CPU.Build.0 = Debug|Any CPU
		{C8FCEC43-20B4-4D69-9B19-F43624BDA0E4}.Release|Any CPU.ActiveCfg = Release|Any CPU
		{C8FCEC43-20B4-4D69-9B19-F43624BDA0E4}.Release|Any CPU.Build.0 = Release|Any CPU
	EndGlobalSection
	GlobalSection(SolutionProperties) = preSolution
		HideSolutionNode = FALSE
	EndGlobalSection
	GlobalSection(NestedProjects) = preSolution
		{865075C2-1E3D-4B9B-BE44-25E33329A9D8} = {1A3F2DD5-9A1A-4A58-991C-335D775B5455}
		{3DBD815C-E939-42CA-A3EC-160F456012D8} = {1A3F2DD5-9A1A-4A58-991C-335D775B5455}
		{741BAB5D-EB36-4ABA-BC7C-7397C50D3D96} = {5CB717E8-0631-4651-93A2-2B2B255E9CBC}
		{C55B766A-6053-401C-8199-78BC52DB1F6D} = {1A3F2DD5-9A1A-4A58-991C-335D775B5455}
		{E5A98214-09A3-4A33-94AA-CABA08089BD0} = {1A3F2DD5-9A1A-4A58-991C-335D775B5455}
		{00C7C464-D2A8-496B-8FC6-558435CCFEA0} = {5CB717E8-0631-4651-93A2-2B2B255E9CBC}
		{C16B1BA8-3AF4-487E-AD3E-DACD8E889450} = {5CB717E8-0631-4651-93A2-2B2B255E9CBC}
		{DC1BDA39-2F60-4B25-BAEE-622F1A1A075A} = {1A3F2DD5-9A1A-4A58-991C-335D775B5455}
		{42B30AB7-390D-4B2A-A8C6-5B42516A426D} = {5CB717E8-0631-4651-93A2-2B2B255E9CBC}
		{F7F568EE-871D-4B16-8C89-D54AF5307091} = {1A3F2DD5-9A1A-4A58-991C-335D775B5455}
		{0ADA5F94-8791-4201-BD1C-E2C504D2CFAD} = {5CB717E8-0631-4651-93A2-2B2B255E9CBC}
		{C8FCEC43-20B4-4D69-9B19-F43624BDA0E4} = {1A3F2DD5-9A1A-4A58-991C-335D775B5455}
	EndGlobalSection
	GlobalSection(ExtensibilityGlobals) = postSolution
		SolutionGuid = {8AE1AED4-0782-4AE3-9D95-86964C293034}
	EndGlobalSection
EndGlobal
